
Microsoft Visual Studio Solution File, Format Version 12.00
# Visual Studio Version 17
VisualStudioVersion = 17.6.33815.320
MinimumVisualStudioVersion = 10.0.40219.1
Project("{FAE04EC0-301F-11D3-BF4B-00C04F79EFBC}") = "AssemblyLineControl", "AssemblyLineControl\AssemblyLineControl.csproj", "{71617FD5-1DD3-4937-831E-8BCE27560219}"
EndProject
Global
	GlobalSection(SolutionConfigurationPlatforms) = preSolution
		Debug|Any CPU = Debug|Any CPU
		Release|Any CPU = Release|Any CPU
	EndGlobalSection
	GlobalSection(ProjectConfigurationPlatforms) = postSolution
		{71617FD5-1DD3-4937-831E-8BCE27560219}.Debug|Any CPU.ActiveCfg = Debug|Any CPU
		{71617FD5-1DD3-4937-831E-8BCE27560219}.Debug|Any CPU.Build.0 = Debug|Any CPU
		{71617FD5-1DD3-4937-831E-8BCE27560219}.Release|Any CPU.ActiveCfg = Release|Any CPU
		{71617FD5-1DD3-4937-831E-8BCE27560219}.Release|Any CPU.Build.0 = Release|Any CPU
	EndGlobalSection
	GlobalSection(SolutionProperties) = preSolution
		HideSolutionNode = FALSE
	EndGlobalSection
	GlobalSection(ExtensibilityGlobals) = postSolution
		SolutionGuid = {92EC19B4-91E0-4B20-B2A1-67BD8DB603D0}
	EndGlobalSection
EndGlobal
